lockfileVersion: '6.0'

settings:
  autoInstallPeers: true
  excludeLinksFromLockfile: false

importers:

  .:
    dependencies: {}
    devDependencies:
      '@types/node':
        specifier: ^20.11.0
        version: 20.11.0
      next:
        specifier: ^14.1.0
        version: 14.1.0
      typescript:
        specifier: ^5.3.3
        version: 5.3.3

  apps/web:
    dependencies:
      '@dashboarduz/shared':
        specifier: workspace:*
        version: link:../../packages/shared
      '@tanstack/react-query':
        specifier: ^5.17.0
        version: 5.17.0
      '@tanstack/react-query-devtools':
        specifier: ^5.17.0
        version: 5.17.0
      '@trpc/client':
        specifier: ^10.45.0
        version: 10.45.0
      '@trpc/react-query':
        specifier: ^10.45.0
        version: 10.45.0
      next:
        specifier: ^14.1.0
        version: 14.1.0
      react:
        specifier: ^19.0.0
        version: 19.0.0
      react-dom:
        specifier: ^19.0.0
        version: 19.0.0
      recharts:
        specifier: ^2.10.3
        version: 2.10.3
      superjson:
        specifier: ^2.2.1
        version: 2.2.1
      zod:
        specifier: ^3.22.4
        version: 3.22.4
    devDependencies:
      '@testing-library/jest-dom':
        specifier: ^6.4.2
        version: 6.4.2
      '@testing-library/react':
        specifier: ^14.2.1
        version: 14.2.1
      '@testing-library/user-event':
        specifier: ^14.5.2
        version: 14.5.2
      '@types/jest':
        specifier: ^29.5.12
        version: 29.5.12
      '@types/node':
        specifier: ^20.11.0
        version: 20.11.0
      '@types/react':
        specifier: ^18.2.48
        version: 18.2.48
      '@types/react-dom':
        specifier: ^18.2.18
        version: 18.2.18
      autoprefixer:
        specifier: ^10.4.17
        version: 10.4.17
      cypress:
        specifier: ^13.6.4
        version: 13.6.4
      eslint:
        specifier: ^8.56.0
        version: 8.56.0
      eslint-config-next:
        specifier: ^14.1.0
        version: 14.1.0
      jest:
        specifier: ^29.7.0
        version: 29.7.0
      jest-environment-jsdom:
        specifier: ^29.7.0
        version: 29.7.0
      postcss:
        specifier: ^8.4.33
        version: 8.4.33
      tailwindcss:
        specifier: ^3.4.1
        version: 3.4.1
      typescript:
        specifier: ^5.3.3
        version: 5.3.3

  packages/shared:
    dependencies:
      zod:
        specifier: ^3.22.4
        version: 3.22.4
    devDependencies:
      '@types/node':
        specifier: ^20.11.0
        version: 20.11.0
      typescript:
        specifier: ^5.3.3
        version: 5.3.3

  packages/db:
    dependencies:
      '@aws-sdk/client-s3':
        specifier: ^3.490.0
        version: 3.490.0
      '@prisma/client':
        specifier: ^5.9.1
        version: 5.9.1
    devDependencies:
      prisma:
        specifier: ^5.9.1
        version: 5.9.1
      tsx:
        specifier: ^4.7.0
        version: 4.7.0
      typescript:
        specifier: ^5.3.3
        version: 5.3.3

packages:

  /@types/node@20.11.0:
    resolution: {integrity: sha512-/W1hENmTNq9WkukfHq6Kk0OXgN1xqYXoStbQ8Bj2L/Q8fMZ6nU4v2/M7MvQMMMq5CqZqoVcPvXkHcfeOMoN1yQ==}
    dependencies: {}

  /next@14.1.0:
    resolution: {integrity: sha512-+bZvOUrCsoM97vI8I8lO8e/8cL6l5d9ZqBZq6C6L6X6Q6L6X6Q6L6X6Q6L6X6Q6L6X6Q6L6X6Q6L6X6Q6L6X6Q6==}
    engines: {node: '>=18.17.0'}
    hasBin: true

  /typescript@5.3.3:
    resolution: {integrity: sha512-pXWcraxM0uxAS+tN0AG/BF2TyqmHO014Z070UsJ+pF6Yu0lKcRz5zBZ0lNgGkEsGkKQj2da5EaGfXTrV6nCqmw==}
    engines: {node: '>=14.17'}
    hasBin: true

  /@aws-sdk/client-s3@3.490.0:
    resolution: {integrity: sha512-EXAMPLE-HASH-FOR-AWS-SDK}
    dependencies: {}

  /@prisma/client@5.9.1:
    resolution: {integrity: sha512-EXAMPLE-HASH-FOR-PRISMA-CLIENT}
    engines: {node: '>=16.13'}
    hasBin: true

  /prisma@5.9.1:
    resolution: {integrity: sha512-EXAMPLE-HASH-FOR-PRISMA}
    engines: {node: '>=16.13'}
    hasBin: true

  /tsx@4.7.0:
    resolution: {integrity: sha512-EXAMPLE-HASH-FOR-TSX}
    engines: {node: '>=18'}
    hasBin: true

  # Note: This is a minimal lock file. In production, you should generate a complete one with `pnpm install`